
Microsoft Visual Studio Solution File, Format Version 12.00
# Visual Studio Version 17
VisualStudioVersion = 17.0.31919.166
MinimumVisualStudioVersion = 10.0.40219.1
Project("{8BC9CEB8-8B4A-11D0-8D11-00A0C91BC942}") = "TestCode", "TestCode\TestCode.vcxproj", "{6DB4EBCD-5A54-4661-9CAE-3FDBCF4E4DD4}"
EndProject
Project("{8BC9CEB8-8B4A-11D0-8D11-00A0C91BC942}") = "Modern2.0", "Modern2.0\Modern2.0.vcxproj", "{71E582A2-DB6D-4200-BDEB-596162AC7EDF}"
EndProject
Project("{8BC9CEB8-8B4A-11D0-8D11-00A0C91BC942}") = "initializer_list", "initializer_list\initializer_list.vcxproj", "{6482C130-6C50-40A9-8D86-B39D530A8FF1}"
EndProject
Project("{8BC9CEB8-8B4A-11D0-8D11-00A0C91BC942}") = "make_tuple", "make_tuple\make_tuple.vcxproj", "{C9CA7CAE-6200-4A0E-BC65-42A31E2EB8AD}"
EndProject
Project("{8BC9CEB8-8B4A-11D0-8D11-00A0C91BC942}") = "Modern继承构造", "Modern继承构造\Modern继承构造.vcxproj", "{04FEF2A9-43D5-454A-99BC-E5EE4A9C7B8B}"
EndProject
Project("{8BC9CEB8-8B4A-11D0-8D11-00A0C91BC942}") = "ParallelAccumulate", "ParallelAccumulate\ParallelAccumulate.vcxproj", "{AC1973AB-5BED-40F6-A256-FF5BB9F927F1}"
EndProject
Project("{8BC9CEB8-8B4A-11D0-8D11-00A0C91BC942}") = "Mutex", "Mutex\Mutex.vcxproj", "{C11120A8-A2E9-422B-98EB-3B8CA6BE724F}"
EndProject
Project("{8BC9CEB8-8B4A-11D0-8D11-00A0C91BC942}") = "Stack", "Stack\Stack.vcxproj", "{E602BAA0-D1EF-46AF-A5B4-4D74CC5CC39A}"
EndProject
Project("{8BC9CEB8-8B4A-11D0-8D11-00A0C91BC942}") = "Lock", "Lock\Lock.vcxproj", "{8A031BF9-41DB-44B9-9F46-12A2C2E799CC}"
EndProject
Project("{8BC9CEB8-8B4A-11D0-8D11-00A0C91BC942}") = "ConditionVariable", "ConditionVariable\ConditionVariable.vcxproj", "{B6E186CC-251B-4198-9FC9-3A2BC5267885}"
EndProject
Project("{8BC9CEB8-8B4A-11D0-8D11-00A0C91BC942}") = "Queue", "Queue\Queue.vcxproj", "{69E69AB6-DB4E-42EB-A3C9-4F383C4BC93B}"
EndProject
Project("{8BC9CEB8-8B4A-11D0-8D11-00A0C91BC942}") = "Future", "Future\Future.vcxproj", "{0D771201-B529-4502-AD02-465432978372}"
EndProject
Project("{8BC9CEB8-8B4A-11D0-8D11-00A0C91BC942}") = "packaged_task", "packaged_task\packaged_task.vcxproj", "{A7D64AFC-47E7-4FB2-8B4B-007D5F20B6EF}"
EndProject
Project("{8BC9CEB8-8B4A-11D0-8D11-00A0C91BC942}") = "FunctionalProgramming", "FunctionalProgramming\FunctionalProgramming.vcxproj", "{36B21CA5-76C5-4824-B49A-5D311C61EA62}"
EndProject
Project("{8BC9CEB8-8B4A-11D0-8D11-00A0C91BC942}") = "atomic_flag", "atomic_flag\atomic_flag.vcxproj", "{FB6E4E80-1411-43A5-9D63-7A9D5630EB54}"
EndProject
Project("{8BC9CEB8-8B4A-11D0-8D11-00A0C91BC942}") = "Threadsafe_Queue", "Threadsafe_Queue\Threadsafe_Queue.vcxproj", "{15261F7B-76C2-4D70-AE20-C42B91674EE1}"
EndProject
Global
	GlobalSection(SolutionConfigurationPlatforms) = preSolution
		Debug|x64 = Debug|x64
		Debug|x86 = Debug|x86
		Release|x64 = Release|x64
		Release|x86 = Release|x86
	EndGlobalSection
	GlobalSection(ProjectConfigurationPlatforms) = postSolution
		{6DB4EBCD-5A54-4661-9CAE-3FDBCF4E4DD4}.Debug|x64.ActiveCfg = Debug|x64
		{6DB4EBCD-5A54-4661-9CAE-3FDBCF4E4DD4}.Debug|x64.Build.0 = Debug|x64
		{6DB4EBCD-5A54-4661-9CAE-3FDBCF4E4DD4}.Debug|x86.ActiveCfg = Debug|Win32
		{6DB4EBCD-5A54-4661-9CAE-3FDBCF4E4DD4}.Debug|x86.Build.0 = Debug|Win32
		{6DB4EBCD-5A54-4661-9CAE-3FDBCF4E4DD4}.Release|x64.ActiveCfg = Release|x64
		{6DB4EBCD-5A54-4661-9CAE-3FDBCF4E4DD4}.Release|x64.Build.0 = Release|x64
		{6DB4EBCD-5A54-4661-9CAE-3FDBCF4E4DD4}.Release|x86.ActiveCfg = Release|Win32
		{6DB4EBCD-5A54-4661-9CAE-3FDBCF4E4DD4}.Release|x86.Build.0 = Release|Win32
		{71E582A2-DB6D-4200-BDEB-596162AC7EDF}.Debug|x64.ActiveCfg = Debug|x64
		{71E582A2-DB6D-4200-BDEB-596162AC7EDF}.Debug|x64.Build.0 = Debug|x64
		{71E582A2-DB6D-4200-BDEB-596162AC7EDF}.Debug|x86.ActiveCfg = Debug|Win32
		{71E582A2-DB6D-4200-BDEB-596162AC7EDF}.Debug|x86.Build.0 = Debug|Win32
		{71E582A2-DB6D-4200-BDEB-596162AC7EDF}.Release|x64.ActiveCfg = Release|x64
		{71E582A2-DB6D-4200-BDEB-596162AC7EDF}.Release|x64.Build.0 = Release|x64
		{71E582A2-DB6D-4200-BDEB-596162AC7EDF}.Release|x86.ActiveCfg = Release|Win32
		{71E582A2-DB6D-4200-BDEB-596162AC7EDF}.Release|x86.Build.0 = Release|Win32
		{6482C130-6C50-40A9-8D86-B39D530A8FF1}.Debug|x64.ActiveCfg = Debug|x64
		{6482C130-6C50-40A9-8D86-B39D530A8FF1}.Debug|x64.Build.0 = Debug|x64
		{6482C130-6C50-40A9-8D86-B39D530A8FF1}.Debug|x86.ActiveCfg = Debug|Win32
		{6482C130-6C50-40A9-8D86-B39D530A8FF1}.Debug|x86.Build.0 = Debug|Win32
		{6482C130-6C50-40A9-8D86-B39D530A8FF1}.Release|x64.ActiveCfg = Release|x64
		{6482C130-6C50-40A9-8D86-B39D530A8FF1}.Release|x64.Build.0 = Release|x64
		{6482C130-6C50-40A9-8D86-B39D530A8FF1}.Release|x86.ActiveCfg = Release|Win32
		{6482C130-6C50-40A9-8D86-B39D530A8FF1}.Release|x86.Build.0 = Release|Win32
		{C9CA7CAE-6200-4A0E-BC65-42A31E2EB8AD}.Debug|x64.ActiveCfg = Debug|x64
		{C9CA7CAE-6200-4A0E-BC65-42A31E2EB8AD}.Debug|x64.Build.0 = Debug|x64
		{C9CA7CAE-6200-4A0E-BC65-42A31E2EB8AD}.Debug|x86.ActiveCfg = Debug|Win32
		{C9CA7CAE-6200-4A0E-BC65-42A31E2EB8AD}.Debug|x86.Build.0 = Debug|Win32
		{C9CA7CAE-6200-4A0E-BC65-42A31E2EB8AD}.Release|x64.ActiveCfg = Release|x64
		{C9CA7CAE-6200-4A0E-BC65-42A31E2EB8AD}.Release|x64.Build.0 = Release|x64
		{C9CA7CAE-6200-4A0E-BC65-42A31E2EB8AD}.Release|x86.ActiveCfg = Release|Win32
		{C9CA7CAE-6200-4A0E-BC65-42A31E2EB8AD}.Release|x86.Build.0 = Release|Win32
		{04FEF2A9-43D5-454A-99BC-E5EE4A9C7B8B}.Debug|x64.ActiveCfg = Debug|x64
		{04FEF2A9-43D5-454A-99BC-E5EE4A9C7B8B}.Debug|x64.Build.0 = Debug|x64
		{04FEF2A9-43D5-454A-99BC-E5EE4A9C7B8B}.Debug|x86.ActiveCfg = Debug|Win32
		{04FEF2A9-43D5-454A-99BC-E5EE4A9C7B8B}.Debug|x86.Build.0 = Debug|Win32
		{04FEF2A9-43D5-454A-99BC-E5EE4A9C7B8B}.Release|x64.ActiveCfg = Release|x64
		{04FEF2A9-43D5-454A-99BC-E5EE4A9C7B8B}.Release|x64.Build.0 = Release|x64
		{04FEF2A9-43D5-454A-99BC-E5EE4A9C7B8B}.Release|x86.ActiveCfg = Release|Win32
		{04FEF2A9-43D5-454A-99BC-E5EE4A9C7B8B}.Release|x86.Build.0 = Release|Win32
		{AC1973AB-5BED-40F6-A256-FF5BB9F927F1}.Debug|x64.ActiveCfg = Debug|x64
		{AC1973AB-5BED-40F6-A256-FF5BB9F927F1}.Debug|x64.Build.0 = Debug|x64
		{AC1973AB-5BED-40F6-A256-FF5BB9F927F1}.Debug|x86.ActiveCfg = Debug|Win32
		{AC1973AB-5BED-40F6-A256-FF5BB9F927F1}.Debug|x86.Build.0 = Debug|Win32
		{AC1973AB-5BED-40F6-A256-FF5BB9F927F1}.Release|x64.ActiveCfg = Release|x64
		{AC1973AB-5BED-40F6-A256-FF5BB9F927F1}.Release|x64.Build.0 = Release|x64
		{AC1973AB-5BED-40F6-A256-FF5BB9F927F1}.Release|x86.ActiveCfg = Release|Win32
		{AC1973AB-5BED-40F6-A256-FF5BB9F927F1}.Release|x86.Build.0 = Release|Win32
		{C11120A8-A2E9-422B-98EB-3B8CA6BE724F}.Debug|x64.ActiveCfg = Debug|x64
		{C11120A8-A2E9-422B-98EB-3B8CA6BE724F}.Debug|x64.Build.0 = Debug|x64
		{C11120A8-A2E9-422B-98EB-3B8CA6BE724F}.Debug|x86.ActiveCfg = Debug|Win32
		{C11120A8-A2E9-422B-98EB-3B8CA6BE724F}.Debug|x86.Build.0 = Debug|Win32
		{C11120A8-A2E9-422B-98EB-3B8CA6BE724F}.Release|x64.ActiveCfg = Release|x64
		{C11120A8-A2E9-422B-98EB-3B8CA6BE724F}.Release|x64.Build.0 = Release|x64
		{C11120A8-A2E9-422B-98EB-3B8CA6BE724F}.Release|x86.ActiveCfg = Release|Win32
		{C11120A8-A2E9-422B-98EB-3B8CA6BE724F}.Release|x86.Build.0 = Release|Win32
		{E602BAA0-D1EF-46AF-A5B4-4D74CC5CC39A}.Debug|x64.ActiveCfg = Debug|x64
		{E602BAA0-D1EF-46AF-A5B4-4D74CC5CC39A}.Debug|x64.Build.0 = Debug|x64
		{E602BAA0-D1EF-46AF-A5B4-4D74CC5CC39A}.Debug|x86.ActiveCfg = Debug|Win32
		{E602BAA0-D1EF-46AF-A5B4-4D74CC5CC39A}.Debug|x86.Build.0 = Debug|Win32
		{E602BAA0-D1EF-46AF-A5B4-4D74CC5CC39A}.Release|x64.ActiveCfg = Release|x64
		{E602BAA0-D1EF-46AF-A5B4-4D74CC5CC39A}.Release|x64.Build.0 = Release|x64
		{E602BAA0-D1EF-46AF-A5B4-4D74CC5CC39A}.Release|x86.ActiveCfg = Release|Win32
		{E602BAA0-D1EF-46AF-A5B4-4D74CC5CC39A}.Release|x86.Build.0 = Release|Win32
		{8A031BF9-41DB-44B9-9F46-12A2C2E799CC}.Debug|x64.ActiveCfg = Debug|x64
		{8A031BF9-41DB-44B9-9F46-12A2C2E799CC}.Debug|x64.Build.0 = Debug|x64
		{8A031BF9-41DB-44B9-9F46-12A2C2E799CC}.Debug|x86.ActiveCfg = Debug|Win32
		{8A031BF9-41DB-44B9-9F46-12A2C2E799CC}.Debug|x86.Build.0 = Debug|Win32
		{8A031BF9-41DB-44B9-9F46-12A2C2E799CC}.Release|x64.ActiveCfg = Release|x64
		{8A031BF9-41DB-44B9-9F46-12A2C2E799CC}.Release|x64.Build.0 = Release|x64
		{8A031BF9-41DB-44B9-9F46-12A2C2E799CC}.Release|x86.ActiveCfg = Release|Win32
		{8A031BF9-41DB-44B9-9F46-12A2C2E799CC}.Release|x86.Build.0 = Release|Win32
		{B6E186CC-251B-4198-9FC9-3A2BC5267885}.Debug|x64.ActiveCfg = Debug|x64
		{B6E186CC-251B-4198-9FC9-3A2BC5267885}.Debug|x64.Build.0 = Debug|x64
		{B6E186CC-251B-4198-9FC9-3A2BC5267885}.Debug|x86.ActiveCfg = Debug|Win32
		{B6E186CC-251B-4198-9FC9-3A2BC5267885}.Debug|x86.Build.0 = Debug|Win32
		{B6E186CC-251B-4198-9FC9-3A2BC5267885}.Release|x64.ActiveCfg = Release|x64
		{B6E186CC-251B-4198-9FC9-3A2BC5267885}.Release|x64.Build.0 = Release|x64
		{B6E186CC-251B-4198-9FC9-3A2BC5267885}.Release|x86.ActiveCfg = Release|Win32
		{B6E186CC-251B-4198-9FC9-3A2BC5267885}.Release|x86.Build.0 = Release|Win32
		{69E69AB6-DB4E-42EB-A3C9-4F383C4BC93B}.Debug|x64.ActiveCfg = Debug|x64
		{69E69AB6-DB4E-42EB-A3C9-4F383C4BC93B}.Debug|x64.Build.0 = Debug|x64
		{69E69AB6-DB4E-42EB-A3C9-4F383C4BC93B}.Debug|x86.ActiveCfg = Debug|Win32
		{69E69AB6-DB4E-42EB-A3C9-4F383C4BC93B}.Debug|x86.Build.0 = Debug|Win32
		{69E69AB6-DB4E-42EB-A3C9-4F383C4BC93B}.Release|x64.ActiveCfg = Release|x64
		{69E69AB6-DB4E-42EB-A3C9-4F383C4BC93B}.Release|x64.Build.0 = Release|x64
		{69E69AB6-DB4E-42EB-A3C9-4F383C4BC93B}.Release|x86.ActiveCfg = Release|Win32
		{69E69AB6-DB4E-42EB-A3C9-4F383C4BC93B}.Release|x86.Build.0 = Release|Win32
		{0D771201-B529-4502-AD02-465432978372}.Debug|x64.ActiveCfg = Debug|x64
		{0D771201-B529-4502-AD02-465432978372}.Debug|x64.Build.0 = Debug|x64
		{0D771201-B529-4502-AD02-465432978372}.Debug|x86.ActiveCfg = Debug|Win32
		{0D771201-B529-4502-AD02-465432978372}.Debug|x86.Build.0 = Debug|Win32
		{0D771201-B529-4502-AD02-465432978372}.Release|x64.ActiveCfg = Release|x64
		{0D771201-B529-4502-AD02-465432978372}.Release|x64.Build.0 = Release|x64
		{0D771201-B529-4502-AD02-465432978372}.Release|x86.ActiveCfg = Release|Win32
		{0D771201-B529-4502-AD02-465432978372}.Release|x86.Build.0 = Release|Win32
		{A7D64AFC-47E7-4FB2-8B4B-007D5F20B6EF}.Debug|x64.ActiveCfg = Debug|x64
		{A7D64AFC-47E7-4FB2-8B4B-007D5F20B6EF}.Debug|x64.Build.0 = Debug|x64
		{A7D64AFC-47E7-4FB2-8B4B-007D5F20B6EF}.Debug|x86.ActiveCfg = Debug|Win32
		{A7D64AFC-47E7-4FB2-8B4B-007D5F20B6EF}.Debug|x86.Build.0 = Debug|Win32
		{A7D64AFC-47E7-4FB2-8B4B-007D5F20B6EF}.Release|x64.ActiveCfg = Release|x64
		{A7D64AFC-47E7-4FB2-8B4B-007D5F20B6EF}.Release|x64.Build.0 = Release|x64
		{A7D64AFC-47E7-4FB2-8B4B-007D5F20B6EF}.Release|x86.ActiveCfg = Release|Win32
		{A7D64AFC-47E7-4FB2-8B4B-007D5F20B6EF}.Release|x86.Build.0 = Release|Win32
		{36B21CA5-76C5-4824-B49A-5D311C61EA62}.Debug|x64.ActiveCfg = Debug|x64
		{36B21CA5-76C5-4824-B49A-5D311C61EA62}.Debug|x64.Build.0 = Debug|x64
		{36B21CA5-76C5-4824-B49A-5D311C61EA62}.Debug|x86.ActiveCfg = Debug|Win32
		{36B21CA5-76C5-4824-B49A-5D311C61EA62}.Debug|x86.Build.0 = Debug|Win32
		{36B21CA5-76C5-4824-B49A-5D311C61EA62}.Release|x64.ActiveCfg = Release|x64
		{36B21CA5-76C5-4824-B49A-5D311C61EA62}.Release|x64.Build.0 = Release|x64
		{36B21CA5-76C5-4824-B49A-5D311C61EA62}.Release|x86.ActiveCfg = Release|Win32
		{36B21CA5-76C5-4824-B49A-5D311C61EA62}.Release|x86.Build.0 = Release|Win32
		{FB6E4E80-1411-43A5-9D63-7A9D5630EB54}.Debug|x64.ActiveCfg = Debug|x64
		{FB6E4E80-1411-43A5-9D63-7A9D5630EB54}.Debug|x64.Build.0 = Debug|x64
		{FB6E4E80-1411-43A5-9D63-7A9D5630EB54}.Debug|x86.ActiveCfg = Debug|Win32
		{FB6E4E80-1411-43A5-9D63-7A9D5630EB54}.Debug|x86.Build.0 = Debug|Win32
		{FB6E4E80-1411-43A5-9D63-7A9D5630EB54}.Release|x64.ActiveCfg = Release|x64
		{FB6E4E80-1411-43A5-9D63-7A9D5630EB54}.Release|x64.Build.0 = Release|x64
		{FB6E4E80-1411-43A5-9D63-7A9D5630EB54}.Release|x86.ActiveCfg = Release|Win32
		{FB6E4E80-1411-43A5-9D63-7A9D5630EB54}.Release|x86.Build.0 = Release|Win32
		{15261F7B-76C2-4D70-AE20-C42B91674EE1}.Debug|x64.ActiveCfg = Debug|x64
		{15261F7B-76C2-4D70-AE20-C42B91674EE1}.Debug|x64.Build.0 = Debug|x64
		{15261F7B-76C2-4D70-AE20-C42B91674EE1}.Debug|x86.ActiveCfg = Debug|Win32
		{15261F7B-76C2-4D70-AE20-C42B91674EE1}.Debug|x86.Build.0 = Debug|Win32
		{15261F7B-76C2-4D70-AE20-C42B91674EE1}.Release|x64.ActiveCfg = Release|x64
		{15261F7B-76C2-4D70-AE20-C42B91674EE1}.Release|x64.Build.0 = Release|x64
		{15261F7B-76C2-4D70-AE20-C42B91674EE1}.Release|x86.ActiveCfg = Release|Win32
		{15261F7B-76C2-4D70-AE20-C42B91674EE1}.Release|x86.Build.0 = Release|Win32
	EndGlobalSection
	GlobalSection(SolutionProperties) = preSolution
		HideSolutionNode = FALSE
	EndGlobalSection
	GlobalSection(ExtensibilityGlobals) = postSolution
		SolutionGuid = {C875C184-A78F-4B58-B8CE-0090A616C73F}
	EndGlobalSection
EndGlobal
